Microsoft Visual Studio Solution File, Format Version 11.00
# Visual Studio 2008

Project("{8E4E92F9-DDB4-3FFC-64A3-5575BD6EDB98}") = "Rocket5_Skillswap", "Assembly-CSharp.csproj", "{68EF2CF6-A033-9314-EC39-AEC2594EF20B}"
EndProject
Project("{8E4E92F9-DDB4-3FFC-64A3-5575BD6EDB98}") = "Rocket5_Skillswap", "Assembly-CSharp-Editor.csproj", "{A04555AE-607B-3738-40AA-0B597744D856}"
EndProject
Project("{8E4E92F9-DDB4-3FFC-64A3-5575BD6EDB98}") = "Rocket5_Skillswap", "Assembly-UnityScript.unityproj", "{9DB625D8-A00C-163C-4AE5-AF1B3B451A5E}"
EndProject
Global
	GlobalSection(SolutionConfigurationPlatforms) = preSolution
		Debug|Any CPU = Debug|Any CPU
		Release|Any CPU = Release|Any CPU
	EndGlobalSection
	GlobalSection(ProjectConfigurationPlatforms) = postSolution
		{68EF2CF6-A033-9314-EC39-AEC2594EF20B}.Debug|Any CPU.ActiveCfg = Debug|Any CPU
		{68EF2CF6-A033-9314-EC39-AEC2594EF20B}.Debug|Any CPU.Build.0 = Debug|Any CPU
		{68EF2CF6-A033-9314-EC39-AEC2594EF20B}.Release|Any CPU.ActiveCfg = Release|Any CPU
		{68EF2CF6-A033-9314-EC39-AEC2594EF20B}.Release|Any CPU.Build.0 = Release|Any CPU
		{A04555AE-607B-3738-40AA-0B597744D856}.Debug|Any CPU.ActiveCfg = Debug|Any CPU
		{A04555AE-607B-3738-40AA-0B597744D856}.Debug|Any CPU.Build.0 = Debug|Any CPU
		{A04555AE-607B-3738-40AA-0B597744D856}.Release|Any CPU.ActiveCfg = Release|Any CPU
		{A04555AE-607B-3738-40AA-0B597744D856}.Release|Any CPU.Build.0 = Release|Any CPU
		{9DB625D8-A00C-163C-4AE5-AF1B3B451A5E}.Debug|Any CPU.ActiveCfg = Debug|Any CPU
		{9DB625D8-A00C-163C-4AE5-AF1B3B451A5E}.Debug|Any CPU.Build.0 = Debug|Any CPU
		{9DB625D8-A00C-163C-4AE5-AF1B3B451A5E}.Release|Any CPU.ActiveCfg = Release|Any CPU
		{9DB625D8-A00C-163C-4AE5-AF1B3B451A5E}.Release|Any CPU.Build.0 = Release|Any CPU
	EndGlobalSection
	GlobalSection(SolutionProperties) = preSolution
		HideSolutionNode = FALSE
	EndGlobalSection
					GlobalSection(MonoDevelopProperties) = preSolution
		StartupItem = Assembly-CSharp.csproj
		Policies = $0
		$0.TextStylePolicy = $1
		$1.inheritsSet = null
		$1.scope = text/x-csharp
		$0.CSharpFormattingPolicy = $2
		$2.inheritsSet = Mono
		$2.inheritsScope = text/x-csharp
		$2.scope = text/x-csharp
		$0.TextStylePolicy = $3
		$3.FileWidth = 120
		$3.TabWidth = 4
		$3.EolMarker = Unix
		$3.inheritsSet = Mono
		$3.inheritsScope = text/plain
		$3.scope = text/plain
	EndGlobalSection

EndGlobal
